
Microsoft Visual Studio Solution File, Format Version 12.00
# Visual Studio 14
VisualStudioVersion = 14.0.25420.1
MinimumVisualStudioVersion = 10.0.40219.1
Project("{FAE04EC0-301F-11D3-BF4B-00C04F79EFBC}") = "Angular2Crud", "Angular2Crud\Angular2Crud.csproj", "{FF8CDE9B-6142-4D6E-8444-710C3336D86C}"
EndProject
Project("{FAE04EC0-301F-11D3-BF4B-00C04F79EFBC}") = "Angular2CrudTest", "Angular2CrudTest\Angular2CrudTest.csproj", "{1959AACE-B334-4617-9DE2-A8B5F2050C9C}"
EndProject
Global
	GlobalSection(SolutionConfigurationPlatforms) = preSolution
		Debug|Any CPU = Debug|Any CPU
		Release|Any CPU = Release|Any CPU
	EndGlobalSection
	GlobalSection(ProjectConfigurationPlatforms) = postSolution
		{FF8CDE9B-6142-4D6E-8444-710C3336D86C}.Debug|Any CPU.ActiveCfg = Debug|Any CPU
		{FF8CDE9B-6142-4D6E-8444-710C3336D86C}.Debug|Any CPU.Build.0 = Debug|Any CPU
		{FF8CDE9B-6142-4D6E-8444-710C3336D86C}.Release|Any CPU.ActiveCfg = Release|Any CPU
		{FF8CDE9B-6142-4D6E-8444-710C3336D86C}.Release|Any CPU.Build.0 = Release|Any CPU
		{1959AACE-B334-4617-9DE2-A8B5F2050C9C}.Debug|Any CPU.ActiveCfg = Debug|Any CPU
		{1959AACE-B334-4617-9DE2-A8B5F2050C9C}.Debug|Any CPU.Build.0 = Debug|Any CPU
		{1959AACE-B334-4617-9DE2-A8B5F2050C9C}.Release|Any CPU.ActiveCfg = Release|Any CPU
		{1959AACE-B334-4617-9DE2-A8B5F2050C9C}.Release|Any CPU.Build.0 = Release|Any CPU
	EndGlobalSection
	GlobalSection(SolutionProperties) = preSolution
		HideSolutionNode = FALSE
	EndGlobalSection
EndGlobal
